<?xml version="1.0" encoding="UTF-8"?>
<!DOCTYPE plist PUBLIC "-//Apple//DTD PLIST 1.0//EN" "http://www.apple.com/DTDs/PropertyList-1.0.dtd">
<plist version="1.0">
<dict>
	<key>archiveVersion</key>
	<string>1</string>
	<key>classes</key>
	<dict/>
	<key>objectVersion</key>
	<string>46</string>
	<key>objects</key>
	<dict>
		<key>03C2F7EEA6B7FDD0A2F6F95A</key>
		<dict>
			<key>includeInIndex</key>
			<string>1</string>
			<key>isa</key>
			<string>PBXFileReference</string>
			<key>lastKnownFileType</key>
			<string>text.xcconfig</string>
			<key>name</key>
			<string>Pods-ReactiveFit.release.xcconfig</string>
			<key>path</key>
			<string>Pods/Target Support Files/Pods-ReactiveFit/Pods-ReactiveFit.release.xcconfig</string>
			<key>sourceTree</key>
			<string>&lt;group&gt;</string>
		</dict>
		<key>14CB931AD66D0BBB3E49C4FA</key>
		<dict>
			<key>children</key>
			<array>
				<string>1D9EF36262C652A6F842B740</string>
				<string>45031085350B68853E49F206</string>
				<string>DB9CE5C33C08B66CE1739615</string>
				<string>03C2F7EEA6B7FDD0A2F6F95A</string>
			</array>
			<key>isa</key>
			<string>PBXGroup</string>
			<key>name</key>
			<string>Pods</string>
			<key>sourceTree</key>
			<string>&lt;group&gt;</string>
		</dict>
		<key>1D9EF36262C652A6F842B740</key>
		<dict>
			<key>includeInIndex</key>
			<string>1</string>
			<key>isa</key>
			<string>PBXFileReference</string>
			<key>lastKnownFileType</key>
			<string>text.xcconfig</string>
			<key>name</key>
			<string>Pods.debug.xcconfig</string>
			<key>path</key>
			<string>Pods/Target Support Files/Pods/Pods.debug.xcconfig</string>
			<key>sourceTree</key>
			<string>&lt;group&gt;</string>
		</dict>
		<key>3E38FDAA192C534F00A50A71</key>
		<dict>
			<key>fileEncoding</key>
			<string>4</string>
			<key>isa</key>
			<string>PBXFileReference</string>
			<key>lastKnownFileType</key>
			<string>net.daringfireball.markdown</string>
			<key>path</key>
			<string>README.md</string>
			<key>sourceTree</key>
			<string>&lt;group&gt;</string>
		</dict>
		<key>45031085350B68853E49F206</key>
		<dict>
			<key>includeInIndex</key>
			<string>1</string>
			<key>isa</key>
			<string>PBXFileReference</string>
			<key>lastKnownFileType</key>
			<string>text.xcconfig</string>
			<key>name</key>
			<string>Pods.release.xcconfig</string>
			<key>path</key>
			<string>Pods/Target Support Files/Pods/Pods.release.xcconfig</string>
			<key>sourceTree</key>
			<string>&lt;group&gt;</string>
		</dict>
		<key>4ED4B7EB19283674002C7E33</key>
		<dict>
			<key>children</key>
			<array>
				<string>3E38FDAA192C534F00A50A71</string>
				<string>4ED4B7F719283674002C7E33</string>
				<string>4ED4B7F619283674002C7E33</string>
				<string>4FC00303B6154F00A3370E85</string>
				<string>14CB931AD66D0BBB3E49C4FA</string>
			</array>
			<key>isa</key>
			<string>PBXGroup</string>
			<key>sourceTree</key>
			<string>&lt;group&gt;</string>
		</dict>
		<key>4ED4B7EC19283674002C7E33</key>
		<dict>
			<key>attributes</key>
			<dict>
				<key>LastUpgradeCheck</key>
				<string>0600</string>
				<key>ORGANIZATIONNAME</key>
				<string>Apple</string>
				<key>TargetAttributes</key>
				<dict>
					<key>4ED4B7F419283674002C7E33</key>
					<dict>
						<key>SystemCapabilities</key>
						<dict>
							<key>com.apple.HealthKit</key>
							<dict>
								<key>enabled</key>
								<string>1</string>
							</dict>
						</dict>
					</dict>
				</dict>
			</dict>
			<key>buildConfigurationList</key>
			<string>4ED4B7EF19283674002C7E33</string>
			<key>compatibilityVersion</key>
			<string>Xcode 3.2</string>
			<key>developmentRegion</key>
			<string>English</string>
			<key>hasScannedForEncodings</key>
			<string>0</string>
			<key>isa</key>
			<string>PBXProject</string>
			<key>knownRegions</key>
			<array>
				<string>en</string>
			</array>
			<key>mainGroup</key>
			<string>4ED4B7EB19283674002C7E33</string>
			<key>productRefGroup</key>
			<string>4ED4B7F619283674002C7E33</string>
			<key>projectDirPath</key>
			<string></string>
			<key>projectReferences</key>
			<array/>
			<key>projectRoot</key>
			<string></string>
			<key>targets</key>
			<array>
				<string>4ED4B7F419283674002C7E33</string>
			</array>
		</dict>
		<key>4ED4B7EF19283674002C7E33</key>
		<dict>
			<key>buildConfigurations</key>
			<array>
				<string>4ED4B80E19283674002C7E33</string>
				<string>4ED4B80F19283674002C7E33</string>
			</array>
			<key>defaultConfigurationIsVisible</key>
			<string>0</string>
			<key>defaultConfigurationName</key>
			<string>Release</string>
			<key>isa</key>
			<string>XCConfigurationList</string>
		</dict>
		<key>4ED4B7F019283674002C7E33</key>
		<dict>
			<key>buildActionMask</key>
			<string>2147483647</string>
			<key>files</key>
			<array>
				<string>F1033D6819DA3D950069FBE1</string>
				<string>F1033D6619DA3D950069FBE1</string>
				<string>F1033D6E19DA3DA70069FBE1</string>
				<string>F1033D5619DA3D500069FBE1</string>
				<string>F1033D5E19DA3D7E0069FBE1</string>
				<string>F1033D5419DA3D500069FBE1</string>
				<string>F1033D7319DA3DBB0069FBE1</string>
				<string>F1033D6A19DA3D950069FBE1</string>
			</array>
			<key>isa</key>
			<string>PBXSourcesBuildPhase</string>
			<key>runOnlyForDeploymentPostprocessing</key>
			<string>0</string>
		</dict>
		<key>4ED4B7F119283674002C7E33</key>
		<dict>
			<key>buildActionMask</key>
			<string>2147483647</string>
			<key>files</key>
			<array>
				<string>F1D2A5CC19DA5BCA006F2388</string>
				<string>AC51F54299CA4C68B8920C02</string>
				<string>A9A12C2D7FCF1F1412B56A9A</string>
			</array>
			<key>isa</key>
			<string>PBXFrameworksBuildPhase</string>
			<key>runOnlyForDeploymentPostprocessing</key>
			<string>0</string>
		</dict>
		<key>4ED4B7F219283674002C7E33</key>
		<dict>
			<key>buildActionMask</key>
			<string>2147483647</string>
			<key>files</key>
			<array>
				<string>F1033D5D19DA3D7E0069FBE1</string>
				<string>F1033D5519DA3D500069FBE1</string>
				<string>F1033D6519DA3D950069FBE1</string>
				<string>F1033D5319DA3D500069FBE1</string>
				<string>F1033D7419DA3DBB0069FBE1</string>
				<string>F1033D6D19DA3DA70069FBE1</string>
				<string>F1033D6719DA3D950069FBE1</string>
				<string>F1033D6919DA3D950069FBE1</string>
			</array>
			<key>isa</key>
			<string>PBXHeadersBuildPhase</string>
			<key>runOnlyForDeploymentPostprocessing</key>
			<string>0</string>
		</dict>
		<key>4ED4B7F319283674002C7E33</key>
		<dict>
			<key>buildActionMask</key>
			<string>2147483647</string>
			<key>files</key>
			<array>
				<string>F1033D7719DA3E020069FBE1</string>
				<string>F1033D5719DA3D500069FBE1</string>
				<string>F1033D5A19DA3D650069FBE1</string>
				<string>F1033D5819DA3D500069FBE1</string>
			</array>
			<key>isa</key>
			<string>PBXResourcesBuildPhase</string>
			<key>runOnlyForDeploymentPostprocessing</key>
			<string>0</string>
		</dict>
		<key>4ED4B7F419283674002C7E33</key>
		<dict>
			<key>buildConfigurationList</key>
			<string>4ED4B81019283674002C7E33</string>
			<key>buildPhases</key>
			<array>
				<string>973407EAD3A646C9956D280D</string>
				<string>4ED4B7F019283674002C7E33</string>
				<string>4ED4B7F119283674002C7E33</string>
				<string>4ED4B7F219283674002C7E33</string>
				<string>4ED4B7F319283674002C7E33</string>
				<string>C8E1A7BF8C00409B83276123</string>
			</array>
			<key>buildRules</key>
			<array/>
			<key>dependencies</key>
			<array/>
			<key>isa</key>
			<string>PBXNativeTarget</string>
			<key>name</key>
			<string>ReactiveFit</string>
			<key>productName</key>
			<string>FitnessApp</string>
			<key>productReference</key>
			<string>4ED4B7F519283674002C7E33</string>
			<key>productType</key>
			<string>com.apple.product-type.application</string>
		</dict>
		<key>4ED4B7F519283674002C7E33</key>
		<dict>
			<key>explicitFileType</key>
			<string>wrapper.application</string>
			<key>includeInIndex</key>
			<string>0</string>
			<key>isa</key>
			<string>PBXFileReference</string>
			<key>path</key>
			<string>ReactiveFit.app</string>
			<key>sourceTree</key>
			<string>BUILT_PRODUCTS_DIR</string>
		</dict>
		<key>4ED4B7F619283674002C7E33</key>
		<dict>
			<key>children</key>
			<array>
				<string>4ED4B7F519283674002C7E33</string>
			</array>
			<key>isa</key>
			<string>PBXGroup</string>
			<key>name</key>
			<string>Products</string>
			<key>sourceTree</key>
			<string>&lt;group&gt;</string>
		</dict>
		<key>4ED4B7F719283674002C7E33</key>
		<dict>
			<key>children</key>
			<array>
				<string>F1033D5919DA3D650069FBE1</string>
				<string>F1033D4D19DA3D500069FBE1</string>
				<string>F1033D4E19DA3D500069FBE1</string>
				<string>F1033D4F19DA3D500069FBE1</string>
				<string>F1033D5019DA3D500069FBE1</string>
				<string>F1033D5119DA3D500069FBE1</string>
				<string>F1033D5219DA3D500069FBE1</string>
				<string>4ED6CAD119287EE0004BAD02</string>
				<string>4ED6CAD219287EEC004BAD02</string>
				<string>4ED6CAD319287EFF004BAD02</string>
				<string>4ED4B7F819283674002C7E33</string>
			</array>
			<key>isa</key>
			<string>PBXGroup</string>
			<key>name</key>
			<string>ReactiveFit</string>
			<key>path</key>
			<string>Fit</string>
			<key>sourceTree</key>
			<string>&lt;group&gt;</string>
		</dict>
		<key>4ED4B7F819283674002C7E33</key>
		<dict>
			<key>children</key>
			<array>
				<string>F1033D6F19DA3DBB0069FBE1</string>
				<string>F1033D7019DA3DBB0069FBE1</string>
				<string>F1033D7119DA3DBB0069FBE1</string>
				<string>F1033D7519DA3E020069FBE1</string>
			</array>
			<key>isa</key>
			<string>PBXGroup</string>
			<key>name</key>
			<string>Supporting Files</string>
			<key>sourceTree</key>
			<string>&lt;group&gt;</string>
		</dict>
		<key>4ED4B80E19283674002C7E33</key>
		<dict>
			<key>buildSettings</key>
			<dict>
				<key>ALWAYS_SEARCH_USER_PATHS</key>
				<string>NO</string>
				<key>AXLE_ENABLE_DEBUG_INFO</key>
				<string>YES</string>
				<key>CLANG_CXX_LANGUAGE_STANDARD</key>
				<string>gnu++0x</string>
				<key>CLANG_CXX_LIBRARY</key>
				<string>libc++</string>
				<key>CLANG_ENABLE_MODULES</key>
				<string>YES</string>
				<key>CLANG_ENABLE_OBJC_ARC</key>
				<string>YES</string>
				<key>CLANG_WARN_ASSIGN_ENUM</key>
				<string>YES</string>
				<key>CLANG_WARN_BOOL_CONVERSION</key>
				<string>YES</string>
				<key>CLANG_WARN_CONSTANT_CONVERSION</key>
				<string>YES</string>
				<key>CLANG_WARN_DIRECT_OBJC_ISA_USAGE</key>
				<string>YES_ERROR</string>
				<key>CLANG_WARN_EMPTY_BODY</key>
				<string>YES</string>
				<key>CLANG_WARN_ENUM_CONVERSION</key>
				<string>YES</string>
				<key>CLANG_WARN_INT_CONVERSION</key>
				<string>YES</string>
				<key>CLANG_WARN_OBJC_ROOT_CLASS</key>
				<string>YES_ERROR</string>
				<key>CLANG_WARN_UNREACHABLE_CODE</key>
				<string>YES</string>
				<key>CLANG_WARN__DUPLICATE_METHOD_MATCH</key>
				<string>YES</string>
				<key>CODE_SIGN_IDENTITY</key>
				<string></string>
				<key>COPY_PHASE_STRIP</key>
				<string>NO</string>
				<key>ENABLE_STRICT_OBJC_MSGSEND</key>
				<string>YES</string>
				<key>GCC_C_LANGUAGE_STANDARD</key>
				<string>gnu99</string>
				<key>GCC_DYNAMIC_NO_PIC</key>
				<string>NO</string>
				<key>GCC_OPTIMIZATION_LEVEL</key>
				<string>0</string>
				<key>GCC_PREPROCESSOR_DEFINITIONS</key>
				<array>
					<string>DEBUG=1</string>
					<string>$(inherited)</string>
				</array>
				<key>GCC_SYMBOLS_PRIVATE_EXTERN</key>
				<string>NO</string>
				<key>GCC_WARN_64_TO_32_BIT_CONVERSION</key>
				<string>YES</string>
				<key>GCC_WARN_ABOUT_RETURN_TYPE</key>
				<string>YES_ERROR</string>
				<key>GCC_WARN_UNDECLARED_SELECTOR</key>
				<string>YES</string>
				<key>GCC_WARN_UNINITIALIZED_AUTOS</key>
				<string>YES_AGGRESSIVE</string>
				<key>GCC_WARN_UNUSED_FUNCTION</key>
				<string>YES</string>
				<key>GCC_WARN_UNUSED_VARIABLE</key>
				<string>YES</string>
				<key>IPHONEOS_DEPLOYMENT_TARGET</key>
				<string>8.0</string>
				<key>ONLY_ACTIVE_ARCH</key>
				<string>YES</string>
				<key>PROVISIONING_PROFILE</key>
				<string></string>
				<key>SDKROOT</key>
				<string>iphoneos</string>
			</dict>
			<key>isa</key>
			<string>XCBuildConfiguration</string>
			<key>name</key>
			<string>Debug</string>
		</dict>
		<key>4ED4B80F19283674002C7E33</key>
		<dict>
			<key>buildSettings</key>
			<dict>
				<key>ALWAYS_SEARCH_USER_PATHS</key>
				<string>NO</string>
				<key>AXLE_ENABLE_DEBUG_INFO</key>
				<string>NO</string>
				<key>CLANG_CXX_LANGUAGE_STANDARD</key>
				<string>gnu++0x</string>
				<key>CLANG_CXX_LIBRARY</key>
				<string>libc++</string>
				<key>CLANG_ENABLE_MODULES</key>
				<string>YES</string>
				<key>CLANG_ENABLE_OBJC_ARC</key>
				<string>YES</string>
				<key>CLANG_WARN_ASSIGN_ENUM</key>
				<string>YES</string>
				<key>CLANG_WARN_BOOL_CONVERSION</key>
				<string>YES</string>
				<key>CLANG_WARN_CONSTANT_CONVERSION</key>
				<string>YES</string>
				<key>CLANG_WARN_DIRECT_OBJC_ISA_USAGE</key>
				<string>YES_ERROR</string>
				<key>CLANG_WARN_EMPTY_BODY</key>
				<string>YES</string>
				<key>CLANG_WARN_ENUM_CONVERSION</key>
				<string>YES</string>
				<key>CLANG_WARN_INT_CONVERSION</key>
				<string>YES</string>
				<key>CLANG_WARN_OBJC_ROOT_CLASS</key>
				<string>YES_ERROR</string>
				<key>CLANG_WARN_UNREACHABLE_CODE</key>
				<string>YES</string>
				<key>CLANG_WARN__DUPLICATE_METHOD_MATCH</key>
				<string>YES</string>
				<key>CODE_SIGN_IDENTITY</key>
				<string></string>
				<key>COPY_PHASE_STRIP</key>
				<string>YES</string>
				<key>ENABLE_NS_ASSERTIONS</key>
				<string>NO</string>
				<key>ENABLE_STRICT_OBJC_MSGSEND</key>
				<string>YES</string>
				<key>GCC_C_LANGUAGE_STANDARD</key>
				<string>gnu99</string>
				<key>GCC_WARN_64_TO_32_BIT_CONVERSION</key>
				<string>YES</string>
				<key>GCC_WARN_ABOUT_RETURN_TYPE</key>
				<string>YES_ERROR</string>
				<key>GCC_WARN_UNDECLARED_SELECTOR</key>
				<string>YES</string>
				<key>GCC_WARN_UNINITIALIZED_AUTOS</key>
				<string>YES_AGGRESSIVE</string>
				<key>GCC_WARN_UNUSED_FUNCTION</key>
				<string>YES</string>
				<key>GCC_WARN_UNUSED_VARIABLE</key>
				<string>YES</string>
				<key>IPHONEOS_DEPLOYMENT_TARGET</key>
				<string>8.0</string>
				<key>PROVISIONING_PROFILE</key>
				<string></string>
				<key>SDKROOT</key>
				<string>iphoneos</string>
				<key>VALIDATE_PRODUCT</key>
				<string>YES</string>
			</dict>
			<key>isa</key>
			<string>XCBuildConfiguration</string>
			<key>name</key>
			<string>Release</string>
		</dict>
		<key>4ED4B81019283674002C7E33</key>
		<dict>
			<key>buildConfigurations</key>
			<array>
				<string>4ED4B81119283674002C7E33</string>
				<string>4ED4B81219283674002C7E33</string>
			</array>
			<key>defaultConfigurationIsVisible</key>
			<string>0</string>
			<key>defaultConfigurationName</key>
			<string>Release</string>
			<key>isa</key>
			<string>XCConfigurationList</string>
		</dict>
		<key>4ED4B81119283674002C7E33</key>
		<dict>
			<key>baseConfigurationReference</key>
			<string>1D9EF36262C652A6F842B740</string>
			<key>buildSettings</key>
			<dict>
				<key>ASSETCATALOG_COMPILER_APPICON_NAME</key>
				<string>AppIcon</string>
				<key>ASSETCATALOG_COMPILER_LAUNCHIMAGE_NAME</key>
				<string>LaunchImage</string>
				<key>CLANG_WARN_ASSIGN_ENUM</key>
				<string>NO</string>
				<key>CODE_SIGN_ENTITLEMENTS</key>
				<string>ReactiveFit/ReactiveFit.entitlements</string>
				<key>CODE_SIGN_IDENTITY</key>
				<string></string>
				<key>GCC_PREFIX_HEADER</key>
				<string>ReactiveFit/ReactiveFit-Prefix.pch</string>
				<key>INFOPLIST_FILE</key>
				<string>ReactiveFit/Info.plist</string>
				<key>LD_RUNPATH_SEARCH_PATHS</key>
				<string>$(inherited) @executable_path/Frameworks</string>
				<key>PRODUCT_NAME</key>
				<string>ReactiveFit</string>
				<key>PROVISIONING_PROFILE</key>
				<string></string>
				<key>VALIDATE_PRODUCT</key>
				<string>NO</string>
			</dict>
			<key>isa</key>
			<string>XCBuildConfiguration</string>
			<key>name</key>
			<string>Debug</string>
		</dict>
		<key>4ED4B81219283674002C7E33</key>
		<dict>
			<key>baseConfigurationReference</key>
			<string>45031085350B68853E49F206</string>
			<key>buildSettings</key>
			<dict>
				<key>ASSETCATALOG_COMPILER_APPICON_NAME</key>
				<string>AppIcon</string>
				<key>ASSETCATALOG_COMPILER_LAUNCHIMAGE_NAME</key>
				<string>LaunchImage</string>
				<key>CLANG_WARN_ASSIGN_ENUM</key>
				<string>NO</string>
				<key>CODE_SIGN_ENTITLEMENTS</key>
				<string>ReactiveFit/ReactiveFit.entitlements</string>
				<key>CODE_SIGN_IDENTITY</key>
				<string></string>
				<key>GCC_PREFIX_HEADER</key>
				<string>ReactiveFit/ReactiveFit-Prefix.pch</string>
				<key>INFOPLIST_FILE</key>
				<string>ReactiveFit/Info.plist</string>
				<key>LD_RUNPATH_SEARCH_PATHS</key>
				<string>$(inherited) @executable_path/Frameworks</string>
				<key>PRODUCT_NAME</key>
				<string>ReactiveFit</string>
				<key>PROVISIONING_PROFILE</key>
				<string></string>
				<key>VALIDATE_PRODUCT</key>
				<string>NO</string>
			</dict>
			<key>isa</key>
			<string>XCBuildConfiguration</string>
			<key>name</key>
			<string>Release</string>
		</dict>
		<key>4ED6CAD119287EE0004BAD02</key>
		<dict>
			<key>children</key>
			<array>
				<string>F1033D5B19DA3D7E0069FBE1</string>
				<string>F1033D5C19DA3D7E0069FBE1</string>
			</array>
			<key>isa</key>
			<string>PBXGroup</string>
			<key>name</key>
			<string>Age, Height, and Weight</string>
			<key>sourceTree</key>
			<string>&lt;group&gt;</string>
		</dict>
		<key>4ED6CAD219287EEC004BAD02</key>
		<dict>
			<key>children</key>
			<array>
				<string>F1033D5F19DA3D950069FBE1</string>
				<string>F1033D6019DA3D950069FBE1</string>
				<string>F1033D6119DA3D950069FBE1</string>
				<string>F1033D6219DA3D950069FBE1</string>
				<string>F1033D6319DA3D950069FBE1</string>
				<string>F1033D6419DA3D950069FBE1</string>
			</array>
			<key>isa</key>
			<string>PBXGroup</string>
			<key>name</key>
			<string>Journal</string>
			<key>sourceTree</key>
			<string>&lt;group&gt;</string>
		</dict>
		<key>4ED6CAD319287EFF004BAD02</key>
		<dict>
			<key>children</key>
			<array>
				<string>F1033D6B19DA3DA70069FBE1</string>
				<string>F1033D6C19DA3DA70069FBE1</string>
			</array>
			<key>isa</key>
			<string>PBXGroup</string>
			<key>name</key>
			<string>Energy</string>
			<key>sourceTree</key>
			<string>&lt;group&gt;</string>
		</dict>
		<key>4FC00303B6154F00A3370E85</key>
		<dict>
			<key>children</key>
			<array>
				<string>F1D2A5CB19DA5BCA006F2388</string>
				<string>D9CC265CF0D84BCD9F0C04D9</string>
				<string>599C179183E216A8C90B0507</string>
			</array>
			<key>isa</key>
			<string>PBXGroup</string>
			<key>name</key>
			<string>Frameworks</string>
			<key>sourceTree</key>
			<string>&lt;group&gt;</string>
		</dict>
		<key>599C179183E216A8C90B0507</key>
		<dict>
			<key>explicitFileType</key>
			<string>archive.ar</string>
			<key>includeInIndex</key>
			<string>0</string>
			<key>isa</key>
			<string>PBXFileReference</string>
			<key>path</key>
			<string>libPods-ReactiveFit.a</string>
			<key>sourceTree</key>
			<string>BUILT_PRODUCTS_DIR</string>
		</dict>
		<key>973407EAD3A646C9956D280D</key>
		<dict>
			<key>buildActionMask</key>
			<string>2147483647</string>
			<key>files</key>
			<array/>
			<key>inputPaths</key>
			<array/>
			<key>isa</key>
			<string>PBXShellScriptBuildPhase</string>
			<key>name</key>
			<string>Check Pods Manifest.lock</string>
			<key>outputPaths</key>
			<array/>
			<key>runOnlyForDeploymentPostprocessing</key>
			<string>0</string>
			<key>shellPath</key>
			<string>/bin/sh</string>
			<key>shellScript</key>
			<string>diff "${PODS_ROOT}/../Podfile.lock" "${PODS_ROOT}/Manifest.lock" &gt; /dev/null
if [[ $? != 0 ]] ; then
    cat &lt;&lt; EOM
error: The sandbox is not in sync with the Podfile.lock. Run 'pod install' or update your CocoaPods installation.
EOM
    exit 1
fi
</string>
			<key>showEnvVarsInLog</key>
			<string>0</string>
		</dict>
		<key>A9A12C2D7FCF1F1412B56A9A</key>
		<dict>
			<key>fileRef</key>
			<string>599C179183E216A8C90B0507</string>
			<key>isa</key>
			<string>PBXBuildFile</string>
		</dict>
		<key>AC51F54299CA4C68B8920C02</key>
		<dict>
			<key>fileRef</key>
			<string>D9CC265CF0D84BCD9F0C04D9</string>
			<key>isa</key>
			<string>PBXBuildFile</string>
		</dict>
		<key>C8E1A7BF8C00409B83276123</key>
		<dict>
			<key>buildActionMask</key>
			<string>2147483647</string>
			<key>files</key>
			<array/>
			<key>inputPaths</key>
			<array/>
			<key>isa</key>
			<string>PBXShellScriptBuildPhase</string>
			<key>name</key>
			<string>Copy Pods Resources</string>
			<key>outputPaths</key>
			<array/>
			<key>runOnlyForDeploymentPostprocessing</key>
			<string>0</string>
			<key>shellPath</key>
			<string>/bin/sh</string>
			<key>shellScript</key>
			<string>"${SRCROOT}/Pods/Target Support Files/Pods/Pods-resources.sh"
</string>
			<key>showEnvVarsInLog</key>
			<string>0</string>
		</dict>
		<key>D9CC265CF0D84BCD9F0C04D9</key>
		<dict>
			<key>explicitFileType</key>
			<string>archive.ar</string>
			<key>includeInIndex</key>
			<string>0</string>
			<key>isa</key>
			<string>PBXFileReference</string>
			<key>path</key>
			<string>libPods.a</string>
			<key>sourceTree</key>
			<string>BUILT_PRODUCTS_DIR</string>
		</dict>
		<key>DB9CE5C33C08B66CE1739615</key>
		<dict>
			<key>includeInIndex</key>
			<string>1</string>
			<key>isa</key>
			<string>PBXFileReference</string>
			<key>lastKnownFileType</key>
			<string>text.xcconfig</string>
			<key>name</key>
			<string>Pods-ReactiveFit.debug.xcconfig</string>
			<key>path</key>
			<string>Pods/Target Support Files/Pods-ReactiveFit/Pods-ReactiveFit.debug.xcconfig</string>
			<key>sourceTree</key>
			<string>&lt;group&gt;</string>
		</dict>
		<key>F1033D4D19DA3D500069FBE1</key>
		<dict>
			<key>fileEncoding</key>
			<string>4</string>
			<key>isa</key>
			<string>PBXFileReference</string>
			<key>lastKnownFileType</key>
			<string>sourcecode.c.h</string>
			<key>name</key>
			<string>AAPLAppDelegate.h</string>
			<key>path</key>
			<string>ReactiveFit/AAPLAppDelegate.h</string>
			<key>sourceTree</key>
			<string>SOURCE_ROOT</string>
		</dict>
		<key>F1033D4E19DA3D500069FBE1</key>
		<dict>
			<key>fileEncoding</key>
			<string>4</string>
			<key>isa</key>
			<string>PBXFileReference</string>
			<key>lastKnownFileType</key>
			<string>sourcecode.c.objc</string>
			<key>name</key>
			<string>AAPLAppDelegate.m</string>
			<key>path</key>
			<string>ReactiveFit/AAPLAppDelegate.m</string>
			<key>sourceTree</key>
			<string>SOURCE_ROOT</string>
		</dict>
		<key>F1033D4F19DA3D500069FBE1</key>
		<dict>
			<key>fileEncoding</key>
			<string>4</string>
			<key>isa</key>
			<string>PBXFileReference</string>
			<key>lastKnownFileType</key>
			<string>sourcecode.c.h</string>
			<key>name</key>
			<string>HKHealthStore+AAPLExtensions.h</string>
			<key>path</key>
			<string>ReactiveFit/HKHealthStore+AAPLExtensions.h</string>
			<key>sourceTree</key>
			<string>SOURCE_ROOT</string>
		</dict>
		<key>F1033D5019DA3D500069FBE1</key>
		<dict>
			<key>fileEncoding</key>
			<string>4</string>
			<key>isa</key>
			<string>PBXFileReference</string>
			<key>lastKnownFileType</key>
			<string>sourcecode.c.objc</string>
			<key>name</key>
			<string>HKHealthStore+AAPLExtensions.m</string>
			<key>path</key>
			<string>ReactiveFit/HKHealthStore+AAPLExtensions.m</string>
			<key>sourceTree</key>
			<string>SOURCE_ROOT</string>
		</dict>
		<key>F1033D5119DA3D500069FBE1</key>
		<dict>
			<key>fileEncoding</key>
			<string>4</string>
			<key>isa</key>
			<string>PBXFileReference</string>
			<key>lastKnownFileType</key>
			<string>text.xml</string>
			<key>name</key>
			<string>ReactiveFit.entitlements</string>
			<key>path</key>
			<string>ReactiveFit/ReactiveFit.entitlements</string>
			<key>sourceTree</key>
			<string>SOURCE_ROOT</string>
		</dict>
		<key>F1033D5219DA3D500069FBE1</key>
		<dict>
			<key>fileEncoding</key>
			<string>4</string>
			<key>isa</key>
			<string>PBXFileReference</string>
			<key>lastKnownFileType</key>
			<string>file.storyboard</string>
			<key>name</key>
			<string>Storyboard.storyboard</string>
			<key>path</key>
			<string>ReactiveFit/Storyboard.storyboard</string>
			<key>sourceTree</key>
			<string>SOURCE_ROOT</string>
		</dict>
		<key>F1033D5319DA3D500069FBE1</key>
		<dict>
			<key>fileRef</key>
			<string>F1033D4D19DA3D500069FBE1</string>
			<key>isa</key>
			<string>PBXBuildFile</string>
		</dict>
		<key>F1033D5419DA3D500069FBE1</key>
		<dict>
			<key>fileRef</key>
			<string>F1033D4E19DA3D500069FBE1</string>
			<key>isa</key>
			<string>PBXBuildFile</string>
		</dict>
		<key>F1033D5519DA3D500069FBE1</key>
		<dict>
			<key>fileRef</key>
			<string>F1033D4F19DA3D500069FBE1</string>
			<key>isa</key>
			<string>PBXBuildFile</string>
		</dict>
		<key>F1033D5619DA3D500069FBE1</key>
		<dict>
			<key>fileRef</key>
			<string>F1033D5019DA3D500069FBE1</string>
			<key>isa</key>
			<string>PBXBuildFile</string>
		</dict>
		<key>F1033D5719DA3D500069FBE1</key>
		<dict>
			<key>fileRef</key>
			<string>F1033D5119DA3D500069FBE1</string>
			<key>isa</key>
			<string>PBXBuildFile</string>
		</dict>
		<key>F1033D5819DA3D500069FBE1</key>
		<dict>
			<key>fileRef</key>
			<string>F1033D5219DA3D500069FBE1</string>
			<key>isa</key>
			<string>PBXBuildFile</string>
		</dict>
		<key>F1033D5919DA3D650069FBE1</key>
		<dict>
			<key>isa</key>
			<string>PBXFileReference</string>
			<key>lastKnownFileType</key>
			<string>folder.assetcatalog</string>
			<key>name</key>
			<string>Images.xcassets</string>
			<key>path</key>
			<string>ReactiveFit/Images.xcassets</string>
			<key>sourceTree</key>
			<string>SOURCE_ROOT</string>
		</dict>
		<key>F1033D5A19DA3D650069FBE1</key>
		<dict>
			<key>fileRef</key>
			<string>F1033D5919DA3D650069FBE1</string>
			<key>isa</key>
			<string>PBXBuildFile</string>
		</dict>
		<key>F1033D5B19DA3D7E0069FBE1</key>
		<dict>
			<key>fileEncoding</key>
			<string>4</string>
			<key>isa</key>
			<string>PBXFileReference</string>
			<key>lastKnownFileType</key>
			<string>sourcecode.c.h</string>
			<key>name</key>
			<string>AAPLProfileViewController.h</string>
			<key>path</key>
			<string>ReactiveFit/AAPLProfileViewController.h</string>
			<key>sourceTree</key>
			<string>SOURCE_ROOT</string>
		</dict>
		<key>F1033D5C19DA3D7E0069FBE1</key>
		<dict>
			<key>fileEncoding</key>
			<string>4</string>
			<key>isa</key>
			<string>PBXFileReference</string>
			<key>lastKnownFileType</key>
			<string>sourcecode.c.objc</string>
			<key>name</key>
			<string>AAPLProfileViewController.m</string>
			<key>path</key>
			<string>ReactiveFit/AAPLProfileViewController.m</string>
			<key>sourceTree</key>
			<string>SOURCE_ROOT</string>
		</dict>
		<key>F1033D5D19DA3D7E0069FBE1</key>
		<dict>
			<key>fileRef</key>
			<string>F1033D5B19DA3D7E0069FBE1</string>
			<key>isa</key>
			<string>PBXBuildFile</string>
		</dict>
		<key>F1033D5E19DA3D7E0069FBE1</key>
		<dict>
			<key>fileRef</key>
			<string>F1033D5C19DA3D7E0069FBE1</string>
			<key>isa</key>
			<string>PBXBuildFile</string>
		</dict>
		<key>F1033D5F19DA3D950069FBE1</key>
		<dict>
			<key>fileEncoding</key>
			<string>4</string>
			<key>isa</key>
			<string>PBXFileReference</string>
			<key>lastKnownFileType</key>
			<string>sourcecode.c.h</string>
			<key>name</key>
			<string>AAPLFoodItem.h</string>
			<key>path</key>
			<string>ReactiveFit/AAPLFoodItem.h</string>
			<key>sourceTree</key>
			<string>SOURCE_ROOT</string>
		</dict>
		<key>F1033D6019DA3D950069FBE1</key>
		<dict>
			<key>fileEncoding</key>
			<string>4</string>
			<key>isa</key>
			<string>PBXFileReference</string>
			<key>lastKnownFileType</key>
			<string>sourcecode.c.objc</string>
			<key>name</key>
			<string>AAPLFoodItem.m</string>
			<key>path</key>
			<string>ReactiveFit/AAPLFoodItem.m</string>
			<key>sourceTree</key>
			<string>SOURCE_ROOT</string>
		</dict>
		<key>F1033D6119DA3D950069FBE1</key>
		<dict>
			<key>fileEncoding</key>
			<string>4</string>
			<key>isa</key>
			<string>PBXFileReference</string>
			<key>lastKnownFileType</key>
			<string>sourcecode.c.h</string>
			<key>name</key>
			<string>AAPLFoodPickerViewController.h</string>
			<key>path</key>
			<string>ReactiveFit/AAPLFoodPickerViewController.h</string>
			<key>sourceTree</key>
			<string>SOURCE_ROOT</string>
		</dict>
		<key>F1033D6219DA3D950069FBE1</key>
		<dict>
			<key>fileEncoding</key>
			<string>4</string>
			<key>isa</key>
			<string>PBXFileReference</string>
			<key>lastKnownFileType</key>
			<string>sourcecode.c.objc</string>
			<key>name</key>
			<string>AAPLFoodPickerViewController.m</string>
			<key>path</key>
			<string>ReactiveFit/AAPLFoodPickerViewController.m</string>
			<key>sourceTree</key>
			<string>SOURCE_ROOT</string>
		</dict>
		<key>F1033D6319DA3D950069FBE1</key>
		<dict>
			<key>fileEncoding</key>
			<string>4</string>
			<key>isa</key>
			<string>PBXFileReference</string>
			<key>lastKnownFileType</key>
			<string>sourcecode.c.h</string>
			<key>name</key>
			<string>AAPLJournalViewController.h</string>
			<key>path</key>
			<string>ReactiveFit/AAPLJournalViewController.h</string>
			<key>sourceTree</key>
			<string>SOURCE_ROOT</string>
		</dict>
		<key>F1033D6419DA3D950069FBE1</key>
		<dict>
			<key>fileEncoding</key>
			<string>4</string>
			<key>isa</key>
			<string>PBXFileReference</string>
			<key>lastKnownFileType</key>
			<string>sourcecode.c.objc</string>
			<key>name</key>
			<string>AAPLJournalViewController.m</string>
			<key>path</key>
			<string>ReactiveFit/AAPLJournalViewController.m</string>
			<key>sourceTree</key>
			<string>SOURCE_ROOT</string>
		</dict>
		<key>F1033D6519DA3D950069FBE1</key>
		<dict>
			<key>fileRef</key>
			<string>F1033D5F19DA3D950069FBE1</string>
			<key>isa</key>
			<string>PBXBuildFile</string>
		</dict>
		<key>F1033D6619DA3D950069FBE1</key>
		<dict>
			<key>fileRef</key>
			<string>F1033D6019DA3D950069FBE1</string>
			<key>isa</key>
			<string>PBXBuildFile</string>
		</dict>
		<key>F1033D6719DA3D950069FBE1</key>
		<dict>
			<key>fileRef</key>
			<string>F1033D6119DA3D950069FBE1</string>
			<key>isa</key>
			<string>PBXBuildFile</string>
		</dict>
		<key>F1033D6819DA3D950069FBE1</key>
		<dict>
			<key>fileRef</key>
			<string>F1033D6219DA3D950069FBE1</string>
			<key>isa</key>
			<string>PBXBuildFile</string>
		</dict>
		<key>F1033D6919DA3D950069FBE1</key>
		<dict>
			<key>fileRef</key>
			<string>F1033D6319DA3D950069FBE1</string>
			<key>isa</key>
			<string>PBXBuildFile</string>
		</dict>
		<key>F1033D6A19DA3D950069FBE1</key>
		<dict>
			<key>fileRef</key>
			<string>F1033D6419DA3D950069FBE1</string>
			<key>isa</key>
			<string>PBXBuildFile</string>
		</dict>
		<key>F1033D6B19DA3DA70069FBE1</key>
		<dict>
			<key>fileEncoding</key>
			<string>4</string>
			<key>isa</key>
			<string>PBXFileReference</string>
			<key>lastKnownFileType</key>
			<string>sourcecode.c.h</string>
			<key>name</key>
			<string>AAPLEnergyViewController.h</string>
			<key>path</key>
			<string>ReactiveFit/AAPLEnergyViewController.h</string>
			<key>sourceTree</key>
			<string>SOURCE_ROOT</string>
		</dict>
		<key>F1033D6C19DA3DA70069FBE1</key>
		<dict>
			<key>fileEncoding</key>
			<string>4</string>
			<key>isa</key>
			<string>PBXFileReference</string>
			<key>lastKnownFileType</key>
			<string>sourcecode.c.objc</string>
			<key>name</key>
			<string>AAPLEnergyViewController.m</string>
			<key>path</key>
			<string>ReactiveFit/AAPLEnergyViewController.m</string>
			<key>sourceTree</key>
			<string>SOURCE_ROOT</string>
		</dict>
		<key>F1033D6D19DA3DA70069FBE1</key>
		<dict>
			<key>fileRef</key>
			<string>F1033D6B19DA3DA70069FBE1</string>
			<key>isa</key>
			<string>PBXBuildFile</string>
		</dict>
		<key>F1033D6E19DA3DA70069FBE1</key>
		<dict>
			<key>fileRef</key>
			<string>F1033D6C19DA3DA70069FBE1</string>
			<key>isa</key>
			<string>PBXBuildFile</string>
		</dict>
		<key>F1033D6F19DA3DBB0069FBE1</key>
		<dict>
			<key>fileEncoding</key>
			<string>4</string>
			<key>isa</key>
			<string>PBXFileReference</string>
			<key>lastKnownFileType</key>
			<string>text.plist.xml</string>
			<key>name</key>
			<string>Info.plist</string>
			<key>path</key>
			<string>ReactiveFit/Info.plist</string>
			<key>sourceTree</key>
			<string>SOURCE_ROOT</string>
		</dict>
		<key>F1033D7019DA3DBB0069FBE1</key>
		<dict>
			<key>fileEncoding</key>
			<string>4</string>
			<key>isa</key>
			<string>PBXFileReference</string>
			<key>lastKnownFileType</key>
			<string>sourcecode.c.objc</string>
			<key>name</key>
			<string>main.m</string>
			<key>path</key>
			<string>ReactiveFit/main.m</string>
			<key>sourceTree</key>
			<string>SOURCE_ROOT</string>
		</dict>
		<key>F1033D7119DA3DBB0069FBE1</key>
		<dict>
			<key>fileEncoding</key>
			<string>4</string>
			<key>isa</key>
			<string>PBXFileReference</string>
			<key>lastKnownFileType</key>
			<string>sourcecode.c.h</string>
			<key>name</key>
			<string>ReactiveFit-Prefix.pch</string>
			<key>path</key>
			<string>ReactiveFit/ReactiveFit-Prefix.pch</string>
			<key>sourceTree</key>
			<string>SOURCE_ROOT</string>
		</dict>
		<key>F1033D7319DA3DBB0069FBE1</key>
		<dict>
			<key>fileRef</key>
			<string>F1033D7019DA3DBB0069FBE1</string>
			<key>isa</key>
			<string>PBXBuildFile</string>
		</dict>
		<key>F1033D7419DA3DBB0069FBE1</key>
		<dict>
			<key>fileRef</key>
			<string>F1033D7119DA3DBB0069FBE1</string>
			<key>isa</key>
			<string>PBXBuildFile</string>
		</dict>
		<key>F1033D7519DA3E020069FBE1</key>
		<dict>
			<key>children</key>
			<array>
				<string>F1033D7619DA3E020069FBE1</string>
			</array>
			<key>isa</key>
			<string>PBXVariantGroup</string>
			<key>name</key>
			<string>Localizable.strings</string>
			<key>sourceTree</key>
			<string>&lt;group&gt;</string>
		</dict>
		<key>F1033D7619DA3E020069FBE1</key>
		<dict>
			<key>isa</key>
			<string>PBXFileReference</string>
			<key>lastKnownFileType</key>
			<string>text.plist.strings</string>
			<key>name</key>
			<string>en</string>
			<key>path</key>
			<string>ReactiveFit/en.lproj/Localizable.strings</string>
			<key>sourceTree</key>
			<string>SOURCE_ROOT</string>
		</dict>
		<key>F1033D7719DA3E020069FBE1</key>
		<dict>
			<key>fileRef</key>
			<string>F1033D7519DA3E020069FBE1</string>
			<key>isa</key>
			<string>PBXBuildFile</string>
		</dict>
		<key>F1D2A5CB19DA5BCA006F2388</key>
		<dict>
			<key>isa</key>
			<string>PBXFileReference</string>
			<key>lastKnownFileType</key>
			<string>wrapper.framework</string>
			<key>name</key>
			<string>HealthKit.framework</string>
			<key>path</key>
			<string>System/Library/Frameworks/HealthKit.framework</string>
			<key>sourceTree</key>
			<string>SDKROOT</string>
		</dict>
		<key>F1D2A5CC19DA5BCA006F2388</key>
		<dict>
			<key>fileRef</key>
			<string>F1D2A5CB19DA5BCA006F2388</string>
			<key>isa</key>
			<string>PBXBuildFile</string>
		</dict>
	</dict>
	<key>rootObject</key>
	<string>4ED4B7EC19283674002C7E33</string>
</dict>
</plist>
